
Microsoft Visual Studio Solution File, Format Version 12.00
# Visual Studio 15
VisualStudioVersion = 15.0.27428.2005
MinimumVisualStudioVersion = 10.0.40219.1
Project("{FAE04EC0-301F-11D3-BF4B-00C04F79EFBC}") = "LearnMVC", "LearnMVC\LearnMVC.csproj", "{6569E1B3-DDBA-4AE1-B2A0-107264992666}"
EndProject
Global
	GlobalSection(SolutionConfigurationPlatforms) = preSolution
		Debug|Any CPU = Debug|Any CPU
		Release|Any CPU = Release|Any CPU
	EndGlobalSection
	GlobalSection(ProjectConfigurationPlatforms) = postSolution
		{6569E1B3-DDBA-4AE1-B2A0-107264992666}.Debug|Any CPU.ActiveCfg = Debug|Any CPU
		{6569E1B3-DDBA-4AE1-B2A0-107264992666}.Debug|Any CPU.Build.0 = Debug|Any CPU
		{6569E1B3-DDBA-4AE1-B2A0-107264992666}.Release|Any CPU.ActiveCfg = Release|Any CPU
		{6569E1B3-DDBA-4AE1-B2A0-107264992666}.Release|Any CPU.Build.0 = Release|Any CPU
	EndGlobalSection
	GlobalSection(SolutionProperties) = preSolution
		HideSolutionNode = FALSE
	EndGlobalSection
	GlobalSection(ExtensibilityGlobals) = postSolution
		SolutionGuid = {6C8F273B-7F12-4654-AF88-E70BE7524E1C}
	EndGlobalSection
EndGlobal
